
Microsoft Visual Studio Solution File, Format Version 12.00
# Visual Studio Version 17
VisualStudioVersion = 17.9.34616.47
MinimumVisualStudioVersion = 10.0.40219.1
Project("{FAE04EC0-301F-11D3-BF4B-00C04F79EFBC}") = "BlobTrigger", "BlobTrigger.csproj", "{EA9B4DF2-24D1-4951-B86A-D417AEC98405}"
EndProject
Global
	GlobalSection(SolutionConfigurationPlatforms) = preSolution
		Debug|Any CPU = Debug|Any CPU
		Release|Any CPU = Release|Any CPU
	EndGlobalSection
	GlobalSection(ProjectConfigurationPlatforms) = postSolution
		{EA9B4DF2-24D1-4951-B86A-D417AEC98405}.Debug|Any CPU.ActiveCfg = Debug|Any CPU
		{EA9B4DF2-24D1-4951-B86A-D417AEC98405}.Debug|Any CPU.Build.0 = Debug|Any CPU
		{EA9B4DF2-24D1-4951-B86A-D417AEC98405}.Release|Any CPU.ActiveCfg = Release|Any CPU
		{EA9B4DF2-24D1-4951-B86A-D417AEC98405}.Release|Any CPU.Build.0 = Release|Any CPU
	EndGlobalSection
	GlobalSection(SolutionProperties) = preSolution
		HideSolutionNode = FALSE
	EndGlobalSection
	GlobalSection(ExtensibilityGlobals) = postSolution
		SolutionGuid = {4160F260-78E2-4CAB-96A2-BDDD17424F82}
	EndGlobalSection
EndGlobal
